<Solution>
  <Folder Name="/01/">
    <Project Path="IsNumberOddOrNot/IsNumberOddOrNot.csproj" Id="ef03e673-3052-4c02-b7aa-6b75495cf48b" />
  </Folder>
  <Folder Name="/02/">
    <Project Path="TheGratestNumber/TheGratestNumber.csproj" Id="985f2fa7-e7f9-4ffd-b981-62d4d15e1d9c" />
  </Folder>
  <Folder Name="/03/">
    <Project Path="SortNumbers/SortNumbers.csproj" Id="cb240040-abd9-42c4-adc4-86d0b7d81537" />
  </Folder>
  <Folder Name="/04/">
    <Project Path="IsMultipleOfAnother/IsMultipleOfAnother.csproj" Id="1e1b8e65-e469-41f9-af7a-d19f9c89a18f" />
  </Folder>
  <Folder Name="/05/">
    <Project Path="IsLeapYear/IsLeapYear.csproj" Id="0188dbc4-06b4-4349-a930-708dddb1105e" />
  </Folder>
  <Folder Name="/06/">
    <Project Path="SimplePayroll/SimplePayroll.csproj" Id="bfa85fd0-05a6-4bfd-b1d1-db6a614a66bb" />
  </Folder>
  <Folder Name="/07/">
    <Project Path="Discounts/Discounts.csproj" Id="ae2e5070-e4ac-4067-b1fa-0c2a29d8b8fe" />
  </Folder>
  <Folder Name="/08/">
    <Project Path="RegistrationValue/RegistrationValue.csproj" Id="db043cba-5252-4ac8-836b-30fb15747a4c" />
  </Folder>
  <Folder Name="/09/">
    <Project Path="Shipping/Shipping.csproj" Id="48fe8c84-cb81-435e-9d33-c902f5b5ff42" />
  </Folder>
  <Folder Name="/10/">
    <Project Path="SucesoStore/SucesoStore.csproj" Id="92fb3b72-2dc7-48c0-b30a-38a98b2fefbb" />
  </Folder>
  <Folder Name="/Shared/">
    <Project Path="Shared/Shared.csproj" Id="30d66395-9960-483c-aa11-a7040e8d8b69" />
  </Folder>
</Solution>
