<Solution>
  <Folder Name="/01/">
    <Project Path="IsNumberOddOrNot/IsNumberOddOrNot.csproj" />
  </Folder>
  <Folder Name="/02/">
    <Project Path="TheGreathestNumber/TheGreathestNumber.csproj" Id="1450e076-2024-4ab3-9231-989e176c4561" />
  </Folder>
  <Folder Name="/Shared/">
    <Project Path="Share/Shared.csproj" Id="128c7358-bef0-4d5b-865d-3f3b3af45189" />
  </Folder>
</Solution>
