<Solution>
  <Folder Name="/01/">
    <Project Path="IsNumberOddOrNot/IsNumberOddOrNot.csproj" />
  </Folder>
  <Folder Name="/02/">
    <Project Path="TheGreathestNumber/TheGreathestNumber.csproj" Id="3c3b5eef-81e9-4196-8f63-2b0937e4e5ee" />
  </Folder>
  <Folder Name="/Shared/">
    <Project Path="Share/Shared.csproj" Id="128c7358-bef0-4d5b-865d-3f3b3af45189" />
  </Folder>
</Solution>
